
Microsoft Visual Studio Solution File, Format Version 12.00
# Visual Studio Version 17
VisualStudioVersion = 17.8.34511.84
MinimumVisualStudioVersion = 10.0.40219.1
Project("{9A19103F-16F7-4668-BE54-9A1E7A4F7556}") = "Flow.Launcher.Plugin.YoudaoTranslate", "Flow.Launcher.Plugin.YoudaoTranslate.csproj", "{15C6C46C-C624-4EC1-A180-58B2690788FC}"
EndProject
Global
	GlobalSection(SolutionConfigurationPlatforms) = preSolution
		Debug|Any CPU = Debug|Any CPU
		Release|Any CPU = Release|Any CPU
	EndGlobalSection
	GlobalSection(ProjectConfigurationPlatforms) = postSolution
		{15C6C46C-C624-4EC1-A180-58B2690788FC}.Debug|Any CPU.ActiveCfg = Debug|Any CPU
		{15C6C46C-C624-4EC1-A180-58B2690788FC}.Debug|Any CPU.Build.0 = Debug|Any CPU
		{15C6C46C-C624-4EC1-A180-58B2690788FC}.Release|Any CPU.ActiveCfg = Release|Any CPU
		{15C6C46C-C624-4EC1-A180-58B2690788FC}.Release|Any CPU.Build.0 = Release|Any CPU
	EndGlobalSection
	GlobalSection(SolutionProperties) = preSolution
		HideSolutionNode = FALSE
	EndGlobalSection
	GlobalSection(ExtensibilityGlobals) = postSolution
		SolutionGuid = {36776D69-0022-4E16-B237-DD68A9300155}
	EndGlobalSection
EndGlobal
